{
  "name": "security-anomaly-detection-frontend",
  "version": "1.0.0",
  "lockfileVersion": 2,
  "requires": true,
  "packages": {
    "": {
      "name": "security-anomaly-detection-frontend",
      "version": "1.0.0",
      "dependencies": {
        "@testing-library/jest-dom": "^6.1.5",
        "@testing-library/react": "^14.1.2",
        "@testing-library/user-event": "^14.5.1",
        "@types/jest": "^29.5.11",
        "@types/node": "^20.10.6",
        "@types/react": "^18.2.46",
        "@types/react-dom": "^18.2.18",
        "axios": "^1.6.2",
        "chart.js": "^4.4.1",
        "react": "^18.2.0",
        "react-chartjs-2": "^5.2.0",
        "react-dom": "^18.2.0",
        "react-router-dom": "^6.21.1",
        "react-scripts": "5.0.1",
        "recharts": "^2.10.3",
        "typescript": "^5.3.3",
        "web-vitals": "^3.5.0"
      },
      "devDependencies": {
        "@types/recharts": "^1.8.29"
      }
    },
    "node_modules/@testing-library/jest-dom": {
      "version": "6.1.5",
      "resolved": "https://registry.npmjs.org/@testing-library/jest-dom/-/jest-dom-6.1.5.tgz",
      "integrity": "sha512-HvdYbgAheOOA99Bm6Hj3c4wJNW+jMZOcTlPrZWmm2wPUr9krhE/6mLXf4vdAXMUCpPdJ2DgLM5cXzpz5oyDEg=="
    },
    "node_modules/@testing-library/react": {
      "version": "14.1.2",
      "resolved": "https://registry.npmjs.org/@testing-library/react/-/react-14.1.2.tgz",
      "integrity": "sha512-z4p7DVBTPjKM5qDZ0t5ZjzkpSNb+fZy1u6bzO7kk8oeGqyer6E34yPPCMXJxRfVjKF2VEbSS9dPOOgKTNLhGg=="
    },
    "node_modules/@testing-library/user-event": {
      "version": "14.5.1",
      "resolved": "https://registry.npmjs.org/@testing-library/user-event/-/user-event-14.5.1.tgz",
      "integrity": "sha512-UCcUKrUYGj7ClomOo2SpNVvx4/fkd/2BbIHDCle8A0ax+P3bU7yJwDBDrS6ZwdTMARWTGODX1hEsCcO+7beJjg=="
    },
    "node_modules/@types/jest": {
      "version": "29.5.11",
      "resolved": "https://registry.npmjs.org/@types/jest/-/jest-29.5.11.tgz",
      "integrity": "sha512-S2mHmYIVe13vrm6q4kN6fLYYAka15ALQki/vgDC3mIukEOx8WJlv0kQPM+d4w8Gp6u0uSdKND04IlTXBv0rwnQ=="
    },
    "node_modules/@types/node": {
      "version": "20.10.6",
      "resolved": "https://registry.npmjs.org/@types/node/-/node-20.10.6.tgz",
      "integrity": "sha512-Vac8H+NlRNNlAmDfGUP7b5h/KA+AtWIzuXy0E6OyP8f1tCLYAtPvKRRDJjAPqhpCb0t6U2j7/xqAuLEebW2kiw=="
    },
    "node_modules/@types/react": {
      "version": "18.2.46",
      "resolved": "https://registry.npmjs.org/@types/react/-/react-18.2.46.tgz",
      "integrity": "sha512-nNCvVBcZlvX4NU1nRRNV/mFl1nNRuTuslAJglQsq+8ldXe5Xv0Wd2f7WTE3jOxhLH2BFfiZGC6GCp+kHQbgG+w=="
    },
    "node_modules/@types/react-dom": {
      "version": "18.2.18",
      "resolved": "https://registry.npmjs.org/@types/react-dom/-/react-dom-18.2.18.tgz",
      "integrity": "sha512-TJxDm6OfAX2KJWJdMEVTwWke5Sc/E/RlnPGvGfS0W7+6ocy2xhDVQVh/KvC2Uf7kACs+gDytdusDSdWfWkaNzw=="
    },
    "node_modules/@types/recharts": {
      "version": "1.8.29",
      "resolved": "https://registry.npmjs.org/@types/recharts/-/recharts-1.8.29.tgz",
      "integrity": "sha512-ak3l48K8fTDJIlHpOgDqKhEcDaGJo+dVc8+8mm6hSfaOZlG8rIVjSZmwz1hNNKkgSJE3pSrh7Zp+rVpJU9H2Lg==",
      "dev": true
    },
    "node_modules/axios": {
      "version": "1.6.2",
      "resolved": "https://registry.npmjs.org/axios/-/axios-1.6.2.tgz",
      "integrity": "sha512-7i24Ri4pmDRfJTR7LDBhsOTtcm+9kjX5WiY1X3wIisx6G9So3pfMkEiU7emUBe46oceVImccTEM3k6C5dbVW8A=="
    },
    "node_modules/chart.js": {
      "version": "4.4.1",
      "resolved": "https://registry.npmjs.org/chart.js/-/chart.js-4.4.1.tgz",
      "integrity": "sha512-C74QN1bxwV1v2PEujhmKjOZ7iUM4w6BWs23Md/6aOZZSlwMzeCIDGuZay++rBgChYru7/+QFeoQW0fQoP534Dg=="
    },
    "node_modules/react": {
      "version": "18.2.0",
      "resolved": "https://registry.npmjs.org/react/-/react-18.2.0.tgz",
      "integrity": "sha512-/3IjMdb2L9QbBdWiW5e3P2/npwMBaU9mHCSCUzNln0ZCYbcfTsGbTJrU/kGemdH2IWmB2ioZ+zkxtmq6g09fGQ=="
    },
    "node_modules/react-chartjs-2": {
      "version": "5.2.0",
      "resolved": "https://registry.npmjs.org/react-chartjs-2/-/react-chartjs-2-5.2.0.tgz",
      "integrity": "sha512-98iN5aguJyVSxp5U3CblRLH67J8gkfyGNbiK3c+l1QI/G4irHMPQw44aEPmjVag+YKTyQ260NcF82GTQ3bdscA=="
    },
    "node_modules/react-dom": {
      "version": "18.2.0",
      "resolved": "https://registry.npmjs.org/react-dom/-/react-dom-18.2.0.tgz",
      "integrity": "sha512-6IMTriUmvsjHUjNtEDudZfuDQUoWXVxKHhlEGSk81n4YFS+r/Kl99wXiwlVXtPBtJenozv2P+hxDsw9eA7Xo6g=="
    },
    "node_modules/react-router-dom": {
      "version": "6.21.1",
      "resolved": "https://registry.npmjs.org/react-router-dom/-/react-router-dom-6.21.1.tgz",
      "integrity": "sha512-QCllNW18tIjI7tq7bnShGEWz7+L5bWLO8oVgMnkQkjTNdCNKFeOGIXFbqr+Aj0A1it7yb9fkgfbNyCQ0Q8p/XA=="
    },
    "node_modules/react-scripts": {
      "version": "5.0.1",
      "resolved": "https://registry.npmjs.org/react-scripts/-/react-scripts-5.0.1.tgz",
      "integrity": "sha512-8VAmEm/ZAwQzJ+GOMLbBsTdDKOpuZh7RPs0UymvBR2vRk4iZWCskjbFnxqjrzoIvlNNRZ3QJFx6/qDSi6zSnaQ=="
    },
    "node_modules/recharts": {
      "version": "2.10.3",
      "resolved": "https://registry.npmjs.org/recharts/-/recharts-2.10.3.tgz",
      "integrity": "sha512-7L6aDzQyQ3xTR8YQ9zd/seFYtbY6tAmTwx72AuYtLOFCQ/1mwfIAZlDUOl0BaQmhLWwUFoP/VWTCt7dqKQ3pNQ=="
    },
    "node_modules/typescript": {
      "version": "5.3.3",
      "resolved": "https://registry.npmjs.org/typescript/-/typescript-5.3.3.tgz",
      "integrity": "sha512-pXWcraxM0uxAS+tN0AG/BF2TyqmHO014Z070UsJ+pFvYuRSq8KH8DmWpnbXe0pEPDHXZV3FcAbJkijJ5oNEnWw=="
    },
    "node_modules/web-vitals": {
      "version": "3.5.0",
      "resolved": "https://registry.npmjs.org/web-vitals/-/web-vitals-3.5.0.tgz",
      "integrity": "sha512-jzgLQIq9RPWv2aTXjMKKQKhFk54phEjQ8C5RGL0ppq6Lre1q4RF5Sif9W8w5sC3IwOYj4dDXb9GlJBwPQ8UEPQ=="
    }
  },
  "dependencies": {
    "@testing-library/jest-dom": {
      "version": "6.1.5",
      "resolved": "https://registry.npmjs.org/@testing-library/jest-dom/-/jest-dom-6.1.5.tgz",
      "integrity": "sha512-HvdYbgAheOOA99Bm6Hj3c4wJNW+jMZOcTlPrZWmm2wPUr9krhE/6mLXf4vdAXMUCpPdJ2DgLM5cXzpz5oyDEg=="
    },
    "@testing-library/react": {
      "version": "14.1.2",
      "resolved": "https://registry.npmjs.org/@testing-library/react/-/react-14.1.2.tgz",
      "integrity": "sha512-z4p7DVBTPjKM5qDZ0t5ZjzkpSNb+fZy1u6bzO7kk8oeGqyer6E34yPPCMXJxRfVjKF2VEbSS9dPOOgKTNLhGg=="
    },
    "@testing-library/user-event": {
      "version": "14.5.1",
      "resolved": "https://registry.npmjs.org/@testing-library/user-event/-/user-event-14.5.1.tgz",
      "integrity": "sha512-UCcUKrUYGj7ClomOo2SpNVvx4/fkd/2BbIHDCle8A0ax+P3bU7yJwDBDrS6ZwdTMARWTGODX1hEsCcO+7beJjg=="
    },
    "@types/jest": {
      "version": "29.5.11",
      "resolved": "https://registry.npmjs.org/@types/jest/-/jest-29.5.11.tgz",
      "integrity": "sha512-S2mHmYIVe13vrm6q4kN6fLYYAka15ALQki/vgDC3mIukEOx8WJlv0kQPM+d4w8Gp6u0uSdKND04IlTXBv0rwnQ=="
    },
    "@types/node": {
      "version": "20.10.6",
      "resolved": "https://registry.npmjs.org/@types/node/-/node-20.10.6.tgz",
      "integrity": "sha512-Vac8H+NlRNNlAmDfGUP7b5h/KA+AtWIzuXy0E6OyP8f1tCLYAtPvKRRDJjAPqhpCb0t6U2j7/xqAuLEebW2kiw=="
    },
    "@types/react": {
      "version": "18.2.46",
      "resolved": "https://registry.npmjs.org/@types/react/-/react-18.2.46.tgz",
      "integrity": "sha512-nNCvVBcZlvX4NU1nRRNV/mFl1nNRuTuslAJglQsq+8ldXe5Xv0Wd2f7WTE3jOxhLH2BFfiZGC6GCp+kHQbgG+w=="
    },
    "@types/react-dom": {
      "version": "18.2.18",
      "resolved": "https://registry.npmjs.org/@types/react-dom/-/react-dom-18.2.18.tgz",
      "integrity": "sha512-TJxDm6OfAX2KJWJdMEVTwWke5Sc/E/RlnPGvGfS0W7+6ocy2xhDVQVh/KvC2Uf7kACs+gDytdusDSdWfWkaNzw=="
    },
    "@types/recharts": {
      "version": "1.8.29",
      "resolved": "https://registry.npmjs.org/@types/recharts/-/recharts-1.8.29.tgz",
      "integrity": "sha512-ak3l48K8fTDJIlHpOgDqKhEcDaGJo+dVc8+8mm6hSfaOZlG8rIVjSZmwz1hNNKkgSJE3pSrh7Zp+rVpJU9H2Lg=="
    },
    "axios": {
      "version": "1.6.2",
      "resolved": "https://registry.npmjs.org/axios/-/axios-1.6.2.tgz",
      "integrity": "sha512-7i24Ri4pmDRfJTR7LDBhsOTtcm+9kjX5WiY1X3wIisx6G9So3pfMkEiU7emUBe46oceVImccTEM3k6C5dbVW8A=="
    },
    "chart.js": {
      "version": "4.4.1",
      "resolved": "https://registry.npmjs.org/chart.js/-/chart.js-4.4.1.tgz",
      "integrity": "sha512-C74QN1bxwV1v2PEujhmKjOZ7iUM4w6BWs23Md/6aOZZSlwMzeCIDGuZay++rBgChYru7/+QFeoQW0fQoP534Dg=="
    },
    "react": {
      "version": "18.2.0",
      "resolved": "https://registry.npmjs.org/react/-/react-18.2.0.tgz",
      "integrity": "sha512-/3IjMdb2L9QbBdWiW5e3P2/npwMBaU9mHCSCUzNln0ZCYbcfTsGbTJrU/kGemdH2IWmB2ioZ+zkxtmq6g09fGQ=="
    },
    "react-chartjs-2": {
      "version": "5.2.0",
      "resolved": "https://registry.npmjs.org/react-chartjs-2/-/react-chartjs-2-5.2.0.tgz",
      "integrity": "sha512-98iN5aguJyVSxp5U3CblRLH67J8gkfyGNbiK3c+l1QI/G4irHMPQw44aEPmjVag+YKTyQ260NcF82GTQ3bdscA=="
    },
    "react-dom": {
      "version": "18.2.0",
      "resolved": "https://registry.npmjs.org/react-dom/-/react-dom-18.2.0.tgz",
      "integrity": "sha512-6IMTriUmvsjHUjNtEDudZfuDQUoWXVxKHhlEGSk81n4YFS+r/Kl99wXiwlVXtPBtJenozv2P+hxDsw9eA7Xo6g=="
    },
    "react-router-dom": {
      "version": "6.21.1",
      "resolved": "https://registry.npmjs.org/react-router-dom/-/react-router-dom-6.21.1.tgz",
      "integrity": "sha512-QCllNW18tIjI7tq7bnShEWz7+L5bWLO8oVgMnkQkjTNdCNKFeOGIXFbqr+Aj0A1it7yb9fkgfbNyCQ0Q8p/XA=="
    },
    "react-scripts": {
      "version": "5.0.1",
      "resolved": "https://registry.npmjs.org/react-scripts/-/react-scripts-5.0.1.tgz",
      "integrity": "sha512-8VAmEm/ZAwQzJ+GOMLbBsTdDKOpuZh7RPs0UymvBR2vRk4iZWCskjbFnxqjrzoIvlNNRZ3QJFx6/qDSi6zSnaQ=="
    },
    "recharts": {
      "version": "2.10.3",
      "resolved": "https://registry.npmjs.org/recharts/-/recharts-2.10.3.tgz",
      "integrity": "sha512-7L6aDzQyQ3xTR8YQ9zd/seFYtbY6tAmTwx72AuYtLOFCQ/1mwfIAZlDUOl0BaQmhLWwUFoP/VWTCt7dqKQ3pNQ=="
    },
    "typescript": {
      "version": "5.3.3",
      "resolved": "https://registry.npmjs.org/typescript/-/typescript-5.3.3.tgz",
      "integrity": "sha512-pXWcraxM0uxAS+tN0AG/BF2TyqmHO014Z070UsJ+pFvYuRSq8KH8DmWpnbXe0pEPDHXZV3FcAbJkijJ5oNEnWw=="
    },
    "web-vitals": {
      "version": "3.5.0",
      "resolved": "https://registry.npmjs.org/web-vitals/-/web-vitals-3.5.0.tgz",
      "integrity": "sha512-jzgLQIq9RPWv2aTXjMKKQKhFk54phEjQ8C5RGL0ppq6Lre1q4RF5Sif9W8w5sC3IwOYj4dDXb9GlJBwPQ8UEPQ=="
    }
  }
}